// !$*UTF8*$!
{
	archiveVersion = 1;
	classes = {
	};
	objectVersion = 46;
	objects = {

/* Begin PBXBuildFile section */
		B068A0E31B52880A00E5A431 /* LICENSE in Resources */ = {isa = PBXBuildFile; fileRef = B068A0E21B52880A00E5A431 /* LICENSE */; };
		B068A0E51B5288E800E5A431 /* .gitignore in Resources */ = {isa = PBXBuildFile; fileRef = B068A0E41B5288E800E5A431 /* .gitignore */; };
		B068A0EF1B52992F00E5A431 /* .travis.yml in Resources */ = {isa = PBXBuildFile; fileRef = B068A0EE1B52992F00E5A431 /* .travis.yml */; };
		B068A0F11B52A08800E5A431 /* Credits.html in Resources */ = {isa = PBXBuildFile; fileRef = B068A0F01B52A08800E5A431 /* Credits.html */; };
		B0FB3D101B506A1200610D13 /* AppDelegate.swift in Sources */ = {isa = PBXBuildFile; fileRef = B0FB3D0F1B506A1200610D13 /* AppDelegate.swift */; };
		B0FB3D121B506A1200610D13 /* ViewController.swift in Sources */ = {isa = PBXBuildFile; fileRef = B0FB3D111B506A1200610D13 /* ViewController.swift */; };
		B0FB3D141B506A1200610D13 /* Assets.xcassets in Resources */ = {isa = PBXBuildFile; fileRef = B0FB3D131B506A1200610D13 /* Assets.xcassets */; };
		B0FB3D171B506A1200610D13 /* Main.storyboard in Resources */ = {isa = PBXBuildFile; fileRef = B0FB3D151B506A1200610D13 /* Main.storyboard */; };
		B0FB3D221B506A1200610D13 /* TableBindingTests.swift in Sources */ = {isa = PBXBuildFile; fileRef = B0FB3D211B506A1200610D13 /* TableBindingTests.swift */; };
		B0FB3D3D1B506ACE00610D13 /* Person.swift in Sources */ = {isa = PBXBuildFile; fileRef = B0FB3D3C1B506ACE00610D13 /* Person.swift */; };
/* End PBXBuildFile section */

/* Begin PBXContainerItemProxy section */
		B0FB3D1E1B506A1200610D13 /* PBXContainerItemProxy */ = {
			isa = PBXContainerItemProxy;
			containerPortal = B0FB3D041B506A1200610D13 /* Project object */;
			proxyType = 1;
			remoteGlobalIDString = B0FB3D0B1B506A1200610D13;
			remoteInfo = TableBinding;
		};
/* End PBXContainerItemProxy section */

/* Begin PBXFileReference section */
		B068A0E21B52880A00E5A431 /* LICENSE */ = {isa = PBXFileReference; fileEncoding = 4; lastKnownFileType = text; path = LICENSE; sourceTree = "<group>"; };
		B068A0E41B5288E800E5A431 /* .gitignore */ = {isa = PBXFileReference; fileEncoding = 4; lastKnownFileType = text; path = .gitignore; sourceTree = "<group>"; };
		B068A0EE1B52992F00E5A431 /* .travis.yml */ = {isa = PBXFileReference; fileEncoding = 4; lastKnownFileType = text; path = .travis.yml; sourceTree = "<group>"; };
		B068A0F01B52A08800E5A431 /* Credits.html */ = {isa = PBXFileReference; fileEncoding = 4; lastKnownFileType = text.html; path = Credits.html; sourceTree = "<group>"; };
		B0FB3D0C1B506A1200610D13 /* TableBinding.app */ = {isa = PBXFileReference; explicitFileType = wrapper.application; includeInIndex = 0; path = TableBinding.app; sourceTree = BUILT_PRODUCTS_DIR; };
		B0FB3D0F1B506A1200610D13 /* AppDelegate.swift */ = {isa = PBXFileReference; lastKnownFileType = sourcecode.swift; path = AppDelegate.swift; sourceTree = "<group>"; };
		B0FB3D111B506A1200610D13 /* ViewController.swift */ = {isa = PBXFileReference; lastKnownFileType = sourcecode.swift; path = ViewController.swift; sourceTree = "<group>"; };
		B0FB3D131B506A1200610D13 /* Assets.xcassets */ = {isa = PBXFileReference; lastKnownFileType = folder.assetcatalog; path = Assets.xcassets; sourceTree = "<group>"; };
		B0FB3D161B506A1200610D13 /* Base */ = {isa = PBXFileReference; lastKnownFileType = file.storyboard; name = Base; path = Base.lproj/Main.storyboard; sourceTree = "<group>"; };
		B0FB3D181B506A1200610D13 /* Info.plist */ = {isa = PBXFileReference; lastKnownFileType = text.plist.xml; path = Info.plist; sourceTree = "<group>"; };
		B0FB3D1D1B506A1200610D13 /* TableBindingTests.xctest */ = {isa = PBXFileReference; explicitFileType = wrapper.cfbundle; includeInIndex = 0; path = TableBindingTests.xctest; sourceTree = BUILT_PRODUCTS_DIR; };
		B0FB3D211B506A1200610D13 /* TableBindingTests.swift */ = {isa = PBXFileReference; lastKnownFileType = sourcecode.swift; path = TableBindingTests.swift; sourceTree = "<group>"; };
		B0FB3D231B506A1200610D13 /* Info.plist */ = {isa = PBXFileReference; lastKnownFileType = text.plist.xml; path = Info.plist; sourceTree = "<group>"; };
		B0FB3D2C1B506A1200610D13 /* TableBindingUITests.swift */ = {isa = PBXFileReference; lastKnownFileType = sourcecode.swift; path = TableBindingUITests.swift; sourceTree = "<group>"; };
		B0FB3D2E1B506A1200610D13 /* Info.plist */ = {isa = PBXFileReference; lastKnownFileType = text.plist.xml; path = Info.plist; sourceTree = "<group>"; };
		B0FB3D3A1B506A2500610D13 /* README.md */ = {isa = PBXFileReference; fileEncoding = 4; lastKnownFileType = net.daringfireball.markdown; path = README.md; sourceTree = "<group>"; };
		B0FB3D3C1B506ACE00610D13 /* Person.swift */ = {isa = PBXFileReference; fileEncoding = 4; lastKnownFileType = sourcecode.swift; path = Person.swift; sourceTree = "<group>"; };
/* End PBXFileReference section */

/* Begin PBXFrameworksBuildPhase section */
		B0FB3D091B506A1200610D13 /* Frameworks */ = {
			isa = PBXFrameworksBuildPhase;
			buildActionMask = 2147483647;
			files = (
			);
			runOnlyForDeploymentPostprocessing = 0;
		};
		B0FB3D1A1B506A1200610D13 /* Frameworks */ = {
			isa = PBXFrameworksBuildPhase;
			buildActionMask = 2147483647;
			files = (
			);
			runOnlyForDeploymentPostprocessing = 0;
		};
/* End PBXFrameworksBuildPhase section */

/* Begin PBXGroup section */
		B0FB3D031B506A1200610D13 = {
			isa = PBXGroup;
			children = (
				B068A0F01B52A08800E5A431 /* Credits.html */,
				B068A0EE1B52992F00E5A431 /* .travis.yml */,
				B068A0E41B5288E800E5A431 /* .gitignore */,
				B068A0E21B52880A00E5A431 /* LICENSE */,
				B0FB3D3A1B506A2500610D13 /* README.md */,
				B0FB3D0E1B506A1200610D13 /* TableBinding */,
				B0FB3D201B506A1200610D13 /* TableBindingTests */,
				B0FB3D2B1B506A1200610D13 /* TableBindingUITests */,
				B0FB3D0D1B506A1200610D13 /* Products */,
			);
			sourceTree = "<group>";
		};
		B0FB3D0D1B506A1200610D13 /* Products */ = {
			isa = PBXGroup;
			children = (
				B0FB3D0C1B506A1200610D13 /* TableBinding.app */,
				B0FB3D1D1B506A1200610D13 /* TableBindingTests.xctest */,
			);
			name = Products;
			sourceTree = "<group>";
		};
		B0FB3D0E1B506A1200610D13 /* TableBinding */ = {
			isa = PBXGroup;
			children = (
				B0FB3D0F1B506A1200610D13 /* AppDelegate.swift */,
				B0FB3D111B506A1200610D13 /* ViewController.swift */,
				B0FB3D131B506A1200610D13 /* Assets.xcassets */,
				B0FB3D151B506A1200610D13 /* Main.storyboard */,
				B0FB3D181B506A1200610D13 /* Info.plist */,
				B0FB3D3C1B506ACE00610D13 /* Person.swift */,
			);
			path = TableBinding;
			sourceTree = "<group>";
		};
		B0FB3D201B506A1200610D13 /* TableBindingTests */ = {
			isa = PBXGroup;
			children = (
				B0FB3D211B506A1200610D13 /* TableBindingTests.swift */,
				B0FB3D231B506A1200610D13 /* Info.plist */,
			);
			path = TableBindingTests;
			sourceTree = "<group>";
		};
		B0FB3D2B1B506A1200610D13 /* TableBindingUITests */ = {
			isa = PBXGroup;
			children = (
				B0FB3D2C1B506A1200610D13 /* TableBindingUITests.swift */,
				B0FB3D2E1B506A1200610D13 /* Info.plist */,
			);
			path = TableBindingUITests;
			sourceTree = "<group>";
		};
/* End PBXGroup section */

/* Begin PBXNativeTarget section */
		B0FB3D0B1B506A1200610D13 /* TableBinding */ = {
			isa = PBXNativeTarget;
			buildConfigurationList = B0FB3D311B506A1200610D13 /* Build configuration list for PBXNativeTarget "TableBinding" */;
			buildPhases = (
				B0FB3D081B506A1200610D13 /* Sources */,
				B0FB3D091B506A1200610D13 /* Frameworks */,
				B0FB3D0A1B506A1200610D13 /* Resources */,
				B068A0F51B52A3F900E5A431 /* ShellScript */,
			);
			buildRules = (
			);
			dependencies = (
			);
			name = TableBinding;
			productName = TableBinding;
			productReference = B0FB3D0C1B506A1200610D13 /* TableBinding.app */;
			productType = "com.apple.product-type.application";
		};
		B0FB3D1C1B506A1200610D13 /* TableBindingTests */ = {
			isa = PBXNativeTarget;
			buildConfigurationList = B0FB3D341B506A1200610D13 /* Build configuration list for PBXNativeTarget "TableBindingTests" */;
			buildPhases = (
				B0FB3D191B506A1200610D13 /* Sources */,
				B0FB3D1A1B506A1200610D13 /* Frameworks */,
				B0FB3D1B1B506A1200610D13 /* Resources */,
			);
			buildRules = (
			);
			dependencies = (
				B0FB3D1F1B506A1200610D13 /* PBXTargetDependency */,
			);
			name = TableBindingTests;
			productName = TableBindingTests;
			productReference = B0FB3D1D1B506A1200610D13 /* TableBindingTests.xctest */;
			productType = "com.apple.product-type.bundle.unit-test";
		};
/* End PBXNativeTarget section */

/* Begin PBXProject section */
		B0FB3D041B506A1200610D13 /* Project object */ = {
			isa = PBXProject;
			attributes = {
				LastUpgradeCheck = 0700;
				ORGANIZATIONNAME = "Gene De Lisa";
				TargetAttributes = {
					B0FB3D0B1B506A1200610D13 = {
						CreatedOnToolsVersion = 7.0;
					};
					B0FB3D1C1B506A1200610D13 = {
						CreatedOnToolsVersion = 7.0;
						TestTargetID = B0FB3D0B1B506A1200610D13;
					};
				};
			};
			buildConfigurationList = B0FB3D071B506A1200610D13 /* Build configuration list for PBXProject "TableBinding" */;
			compatibilityVersion = "Xcode 3.2";
			developmentRegion = English;
			hasScannedForEncodings = 0;
			knownRegions = (
				en,
				Base,
			);
			mainGroup = B0FB3D031B506A1200610D13;
			productRefGroup = B0FB3D0D1B506A1200610D13 /* Products */;
			projectDirPath = "";
			projectRoot = "";
			targets = (
				B0FB3D0B1B506A1200610D13 /* TableBinding */,
				B0FB3D1C1B506A1200610D13 /* TableBindingTests */,
			);
		};
/* End PBXProject section */

/* Begin PBXResourcesBuildPhase section */
		B0FB3D0A1B506A1200610D13 /* Resources */ = {
			isa = PBXResourcesBuildPhase;
			buildActionMask = 2147483647;
			files = (
				B068A0EF1B52992F00E5A431 /* .travis.yml in Resources */,
				B068A0F11B52A08800E5A431 /* Credits.html in Resources */,
				B068A0E51B5288E800E5A431 /* .gitignore in Resources */,
				B068A0E31B52880A00E5A431 /* LICENSE in Resources */,
				B0FB3D141B506A1200610D13 /* Assets.xcassets in Resources */,
				B0FB3D171B506A1200610D13 /* Main.storyboard in Resources */,
			);
			runOnlyForDeploymentPostprocessing = 0;
		};
		B0FB3D1B1B506A1200610D13 /* Resources */ = {
			isa = PBXResourcesBuildPhase;
			buildActionMask = 2147483647;
			files = (
			);
			runOnlyForDeploymentPostprocessing = 0;
		};
/* End PBXResourcesBuildPhase section */

/* Begin PBXShellScriptBuildPhase section */
		B068A0F51B52A3F900E5A431 /* ShellScript */ = {
			isa = PBXShellScriptBuildPhase;
			buildActionMask = 2147483647;
			files = (
			);
			inputPaths = (
			);
			outputPaths = (
			);
			runOnlyForDeploymentPostprocessing = 0;
			shellPath = /bin/sh;
			shellScript = "#\n# Set the build number to the current git commit count.\n# If we're using the Dev scheme, then we'll suffix the build\n# number with the current branch name, to make collisions\n# far less likely across feature branches.\n# Based on: http://w3facility.info/question/how-do-i-force-xcode-to-rebuild-the-info-plist-file-in-my-project-every-time-i-build-the-project/\n#\ngit=`sh /etc/profile; which git`\nappBuild=`\"$git\" rev-list --all |wc -l`\nif [ $CONFIGURATION = \"Debug\" ]; then\nbranchName=`\"$git\" rev-parse --abbrev-ref HEAD`\n/usr/libexec/PlistBuddy -c \"Set :CFBundleVersion $appBuild-$branchName\" \"${TARGET_BUILD_DIR}/${INFOPLIST_PATH}\"\nelse\n/usr/libexec/PlistBuddy -c \"Set :CFBundleVersion $appBuild\" \"${TARGET_BUILD_DIR}/${INFOPLIST_PATH}\"\nfi\necho \"Updated ${TARGET_BUILD_DIR}/${INFOPLIST_PATH}\"\n";
		};
/* End PBXShellScriptBuildPhase section */

/* Begin PBXSourcesBuildPhase section */
		B0FB3D081B506A1200610D13 /* Sources */ = {
			isa = PBXSourcesBuildPhase;
			buildActionMask = 2147483647;
			files = (
				B0FB3D121B506A1200610D13 /* ViewController.swift in Sources */,
				B0FB3D3D1B506ACE00610D13 /* Person.swift in Sources */,
				B0FB3D101B506A1200610D13 /* AppDelegate.swift in Sources */,
			);
			runOnlyForDeploymentPostprocessing = 0;
		};
		B0FB3D191B506A1200610D13 /* Sources */ = {
			isa = PBXSourcesBuildPhase;
			buildActionMask = 2147483647;
			files = (
				B0FB3D221B506A1200610D13 /* TableBindingTests.swift in Sources */,
			);
			runOnlyForDeploymentPostprocessing = 0;
		};
/* End PBXSourcesBuildPhase section */

/* Begin PBXTargetDependency section */
		B0FB3D1F1B506A1200610D13 /* PBXTargetDependency */ = {
			isa = PBXTargetDependency;
			target = B0FB3D0B1B506A1200610D13 /* TableBinding */;
			targetProxy = B0FB3D1E1B506A1200610D13 /* PBXContainerItemProxy */;
		};
/* End PBXTargetDependency section */

/* Begin PBXVariantGroup section */
		B0FB3D151B506A1200610D13 /* Main.storyboard */ = {
			isa = PBXVariantGroup;
			children = (
				B0FB3D161B506A1200610D13 /* Base */,
			);
			name = Main.storyboard;
			sourceTree = "<group>";
		};
/* End PBXVariantGroup section */

/* Begin XCBuildConfiguration section */
		B0FB3D2F1B506A1200610D13 /* Debug */ = {
			isa = XCBuildConfiguration;
			buildSettings = {
				ALWAYS_SEARCH_USER_PATHS = NO;
				CLANG_CXX_LANGUAGE_STANDARD = "gnu++0x";
				CLANG_CXX_LIBRARY = "libc++";
				CLANG_ENABLE_MODULES = YES;
				CLANG_ENABLE_OBJC_ARC = YES;
				CLANG_WARN_BOOL_CONVERSION = YES;
				CLANG_WARN_CONSTANT_CONVERSION = YES;
				CLANG_WARN_DIRECT_OBJC_ISA_USAGE = YES_ERROR;
				CLANG_WARN_EMPTY_BODY = YES;
				CLANG_WARN_ENUM_CONVERSION = YES;
				CLANG_WARN_INT_CONVERSION = YES;
				CLANG_WARN_OBJC_ROOT_CLASS = YES_ERROR;
				CLANG_WARN_UNREACHABLE_CODE = YES;
				CLANG_WARN__DUPLICATE_METHOD_MATCH = YES;
				CODE_SIGN_IDENTITY = "-";
				COPY_PHASE_STRIP = NO;
				DEBUG_INFORMATION_FORMAT = dwarf;
				ENABLE_STRICT_OBJC_MSGSEND = YES;
				ENABLE_TESTABILITY = YES;
				GCC_C_LANGUAGE_STANDARD = gnu99;
				GCC_DYNAMIC_NO_PIC = NO;
				GCC_NO_COMMON_BLOCKS = YES;
				GCC_OPTIMIZATION_LEVEL = 0;
				GCC_PREPROCESSOR_DEFINITIONS = (
					"DEBUG=1",
					"$(inherited)",
				);
				GCC_WARN_64_TO_32_BIT_CONVERSION = YES;
				GCC_WARN_ABOUT_RETURN_TYPE = YES_ERROR;
				GCC_WARN_UNDECLARED_SELECTOR = YES;
				GCC_WARN_UNINITIALIZED_AUTOS = YES_AGGRESSIVE;
				GCC_WARN_UNUSED_FUNCTION = YES;
				GCC_WARN_UNUSED_VARIABLE = YES;
				MACOSX_DEPLOYMENT_TARGET = 10.10;
				MTL_ENABLE_DEBUG_INFO = YES;
				ONLY_ACTIVE_ARCH = YES;
				SDKROOT = macosx;
				SWIFT_OPTIMIZATION_LEVEL = "-Onone";
			};
			name = Debug;
		};
		B0FB3D301B506A1200610D13 /* Release */ = {
			isa = XCBuildConfiguration;
			buildSettings = {
				ALWAYS_SEARCH_USER_PATHS = NO;
				CLANG_CXX_LANGUAGE_STANDARD = "gnu++0x";
				CLANG_CXX_LIBRARY = "libc++";
				CLANG_ENABLE_MODULES = YES;
				CLANG_ENABLE_OBJC_ARC = YES;
				CLANG_WARN_BOOL_CONVERSION = YES;
				CLANG_WARN_CONSTANT_CONVERSION = YES;
				CLANG_WARN_DIRECT_OBJC_ISA_USAGE = YES_ERROR;
				CLANG_WARN_EMPTY_BODY = YES;
				CLANG_WARN_ENUM_CONVERSION = YES;
				CLANG_WARN_INT_CONVERSION = YES;
				CLANG_WARN_OBJC_ROOT_CLASS = YES_ERROR;
				CLANG_WARN_UNREACHABLE_CODE = YES;
				CLANG_WARN__DUPLICATE_METHOD_MATCH = YES;
				CODE_SIGN_IDENTITY = "-";
				COPY_PHASE_STRIP = NO;
				DEBUG_INFORMATION_FORMAT = "dwarf-with-dsym";
				ENABLE_NS_ASSERTIONS = NO;
				ENABLE_STRICT_OBJC_MSGSEND = YES;
				GCC_C_LANGUAGE_STANDARD = gnu99;
				GCC_NO_COMMON_BLOCKS = YES;
				GCC_WARN_64_TO_32_BIT_CONVERSION = YES;
				GCC_WARN_ABOUT_RETURN_TYPE = YES_ERROR;
				GCC_WARN_UNDECLARED_SELECTOR = YES;
				GCC_WARN_UNINITIALIZED_AUTOS = YES_AGGRESSIVE;
				GCC_WARN_UNUSED_FUNCTION = YES;
				GCC_WARN_UNUSED_VARIABLE = YES;
				MACOSX_DEPLOYMENT_TARGET = 10.10;
				MTL_ENABLE_DEBUG_INFO = NO;
				SDKROOT = macosx;
			};
			name = Release;
		};
		B0FB3D321B506A1200610D13 /* Debug */ = {
			isa = XCBuildConfiguration;
			buildSettings = {
				ASSETCATALOG_COMPILER_APPICON_NAME = AppIcon;
				COMBINE_HIDPI_IMAGES = YES;
				INFOPLIST_FILE = TableBinding/Info.plist;
				LD_RUNPATH_SEARCH_PATHS = "$(inherited) @executable_path/../Frameworks";
				PRODUCT_BUNDLE_IDENTIFIER = com.rockhoppertech.TableBinding;
				PRODUCT_NAME = "$(TARGET_NAME)";
			};
			name = Debug;
		};
		B0FB3D331B506A1200610D13 /* Release */ = {
			isa = XCBuildConfiguration;
			buildSettings = {
				ASSETCATALOG_COMPILER_APPICON_NAME = AppIcon;
				COMBINE_HIDPI_IMAGES = YES;
				INFOPLIST_FILE = TableBinding/Info.plist;
				LD_RUNPATH_SEARCH_PATHS = "$(inherited) @executable_path/../Frameworks";
				PRODUCT_BUNDLE_IDENTIFIER = com.rockhoppertech.TableBinding;
				PRODUCT_NAME = "$(TARGET_NAME)";
			};
			name = Release;
		};
		B0FB3D351B506A1200610D13 /* Debug */ = {
			isa = XCBuildConfiguration;
			buildSettings = {
				BUNDLE_LOADER = "$(TEST_HOST)";
				COMBINE_HIDPI_IMAGES = YES;
				INFOPLIST_FILE = TableBindingTests/Info.plist;
				LD_RUNPATH_SEARCH_PATHS = "$(inherited) @executable_path/../Frameworks @loader_path/../Frameworks";
				PRODUCT_BUNDLE_IDENTIFIER = com.rockhoppertech.TableBindingTests;
				PRODUCT_NAME = "$(TARGET_NAME)";
				TEST_HOST = "$(BUILT_PRODUCTS_DIR)/TableBinding.app/Contents/MacOS/TableBinding";
			};
			name = Debug;
		};
		B0FB3D361B506A1200610D13 /* Release */ = {
			isa = XCBuildConfiguration;
			buildSettings = {
				BUNDLE_LOADER = "$(TEST_HOST)";
				COMBINE_HIDPI_IMAGES = YES;
				INFOPLIST_FILE = TableBindingTests/Info.plist;
				LD_RUNPATH_SEARCH_PATHS = "$(inherited) @executable_path/../Frameworks @loader_path/../Frameworks";
				PRODUCT_BUNDLE_IDENTIFIER = com.rockhoppertech.TableBindingTests;
				PRODUCT_NAME = "$(TARGET_NAME)";
				TEST_HOST = "$(BUILT_PRODUCTS_DIR)/TableBinding.app/Contents/MacOS/TableBinding";
			};
			name = Release;
		};
/* End XCBuildConfiguration section */

/* Begin XCConfigurationList section */
		B0FB3D071B506A1200610D13 /* Build configuration list for PBXProject "TableBinding" */ = {
			isa = XCConfigurationList;
			buildConfigurations = (
				B0FB3D2F1B506A1200610D13 /* Debug */,
				B0FB3D301B506A1200610D13 /* Release */,
			);
			defaultConfigurationIsVisible = 0;
			defaultConfigurationName = Release;
		};
		B0FB3D311B506A1200610D13 /* Build configuration list for PBXNativeTarget "TableBinding" */ = {
			isa = XCConfigurationList;
			buildConfigurations = (
				B0FB3D321B506A1200610D13 /* Debug */,
				B0FB3D331B506A1200610D13 /* Release */,
			);
			defaultConfigurationIsVisible = 0;
			defaultConfigurationName = Release;
		};
		B0FB3D341B506A1200610D13 /* Build configuration list for PBXNativeTarget "TableBindingTests" */ = {
			isa = XCConfigurationList;
			buildConfigurations = (
				B0FB3D351B506A1200610D13 /* Debug */,
				B0FB3D361B506A1200610D13 /* Release */,
			);
			defaultConfigurationIsVisible = 0;
			defaultConfigurationName = Release;
		};
/* End XCConfigurationList section */
	};
	rootObject = B0FB3D041B506A1200610D13 /* Project object */;
}
